
Microsoft Visual Studio Solution File, Format Version 12.00
# Visual Studio 15
VisualStudioVersion = 15.0.27130.2027
MinimumVisualStudioVersion = 10.0.40219.1
Project("{2150E333-8FDC-42A3-9474-1A3956D46DE8}") = "Solution Items", "Solution Items", "{E3BA4669-81BE-414A-8F4F-596C66A266BB}"
	ProjectSection(SolutionItems) = preProject
		readme.md = readme.md
	EndProjectSection
EndProject
Project("{2150E333-8FDC-42A3-9474-1A3956D46DE8}") = "Docs", "Docs", "{5CE38FDB-9696-4E53-9748-D568E91C7DB9}"
	ProjectSection(SolutionItems) = preProject
		Docs\IMG_20170817_162023.png = Docs\IMG_20170817_162023.png
		Docs\lumia.png = Docs\lumia.png
		Docs\MainScreen.png = Docs\MainScreen.png
		Docs\pie.png = Docs\pie.png
		Docs\PieCNL.jpg = Docs\PieCNL.jpg
		Docs\SettingScreen.png = Docs\SettingScreen.png
		Docs\StatusScreen.png = Docs\StatusScreen.png
	EndProjectSection
EndProject
Project("{9A19103F-16F7-4668-BE54-9A1E7A4F7556}") = "CGM.Communication", "CGM.Communication\CGM.Communication.csproj", "{FC2989AC-0E19-4848-99B0-093FCE688B00}"
EndProject
Project("{2150E333-8FDC-42A3-9474-1A3956D46DE8}") = "Data", "Data", "{804B261E-7B94-4F0A-BA04-20AFF0D694F7}"
EndProject
Project("{2150E333-8FDC-42A3-9474-1A3956D46DE8}") = "Devices", "Devices", "{D8B87555-DD43-46B0-B7D0-6A115F3A0F25}"
EndProject
Project("{9A19103F-16F7-4668-BE54-9A1E7A4F7556}") = "CGM.Data", "Data\CGM.Data\CGM.Data.csproj", "{F27B9D11-4949-4A39-B5B8-BFF28F2FC830}"
EndProject
Project("{9A19103F-16F7-4668-BE54-9A1E7A4F7556}") = "CGM.Data.Nightscout", "Data\CGM.Data.Nightscout\CGM.Data.Nightscout.csproj", "{0CC1E926-40AF-4FE8-8B1A-ABD75BC2ABD2}"
EndProject
Project("{9A19103F-16F7-4668-BE54-9A1E7A4F7556}") = "CGM.Hid.Device", "Devices\CGM.Hid.Device\CGM.Hid.Device.csproj", "{14EE724B-EB2E-45CC-AA64-946886E4AFAB}"
EndProject
Project("{FAE04EC0-301F-11D3-BF4B-00C04F79EFBC}") = "CGM.Uwp.Device", "Devices\CGM.Uwp.Device\CGM.Uwp.Device.csproj", "{9AB5A311-F6E0-4118-87EE-C227341D114F}"
EndProject
Project("{2150E333-8FDC-42A3-9474-1A3956D46DE8}") = "DataLogger", "DataLogger", "{7F0E9CD6-4D9D-4EC5-A3E5-6823C3A12411}"
EndProject
Project("{FAE04EC0-301F-11D3-BF4B-00C04F79EFBC}") = "CGM.Console.Uwp", "DataLogger\CGM.Uwp\CGM.Console.Uwp.csproj", "{5524A842-2385-4ED4-84EA-756F992644B7}"
EndProject
Project("{FAE04EC0-301F-11D3-BF4B-00C04F79EFBC}") = "CGM.Console", "DataLogger\CGM.Console\CGM.Console.csproj", "{BB82A9EF-1D8B-43EA-B28C-5B4FB740ACDD}"
	ProjectSection(ProjectDependencies) = postProject
		{40EE76C7-C453-436D-969E-2552433DE3A9} = {40EE76C7-C453-436D-969E-2552433DE3A9}
	EndProjectSection
EndProject
Project("{2150E333-8FDC-42A3-9474-1A3956D46DE8}") = "Web", "Web", "{BBF5669C-DD9E-48BA-854E-C101C528085A}"
EndProject
Project("{9A19103F-16F7-4668-BE54-9A1E7A4F7556}") = "CGM.Web", "Web\CGM.Web\CGM.Web.csproj", "{40EE76C7-C453-436D-969E-2552433DE3A9}"
EndProject
Project("{9A19103F-16F7-4668-BE54-9A1E7A4F7556}") = "CGM.Data.Minimed", "Data\CGM.Data.Minimed\CGM.Data.Minimed.csproj", "{D7AD4160-41DB-4F2D-8EEF-04402F8E1BAB}"
EndProject
Project("{9A19103F-16F7-4668-BE54-9A1E7A4F7556}") = "CGM.Web.DataTransfer", "Web\CGM.Web.DataTransfer\CGM.Web.DataTransfer.csproj", "{86F47BBC-9451-4114-96BE-204BFEE4EEF9}"
EndProject
Project("{2150E333-8FDC-42A3-9474-1A3956D46DE8}") = "Docs", "Docs", "{07F2E37F-87F0-4C8F-AC4D-329219651E33}"
	ProjectSection(SolutionItems) = preProject
		Docs\2017-09-14 16_12_35-Edit your flow _ Microsoft Flow and 5 more pages ‎- Microsoft Edge.png = Docs\2017-09-14 16_12_35-Edit your flow _ Microsoft Flow and 5 more pages ‎- Microsoft Edge.png
		Docs\2017-09-14 16_25_57-Microsoft Edge.png = Docs\2017-09-14 16_25_57-Microsoft Edge.png
		Docs\2017-09-14 16_30_38-CGM.NET.png = Docs\2017-09-14 16_30_38-CGM.NET.png
		Docs\IMG_20170817_162023.png = Docs\IMG_20170817_162023.png
		Docs\lumia.png = Docs\lumia.png
		Docs\MainScreen.png = Docs\MainScreen.png
		Docs\pie.png = Docs\pie.png
		Docs\PieCNL.jpg = Docs\PieCNL.jpg
		readme.md = readme.md
		Docs\SettingScreen.png = Docs\SettingScreen.png
		Docs\StatusScreen.png = Docs\StatusScreen.png
	EndProjectSection
EndProject
Project("{FAE04EC0-301F-11D3-BF4B-00C04F79EFBC}") = "CGM.Test", "Tests\CGM.Test\CGM.Test.csproj", "{67C5F10C-4792-413A-81B9-FD4F7360DB8A}"
EndProject
Global
	GlobalSection(SolutionConfigurationPlatforms) = preSolution
		Debug|Any CPU = Debug|Any CPU
		Debug|ARM = Debug|ARM
		Debug|x64 = Debug|x64
		Debug|x86 = Debug|x86
		Release|Any CPU = Release|Any CPU
		Release|ARM = Release|ARM
		Release|x64 = Release|x64
		Release|x86 = Release|x86
	EndGlobalSection
	GlobalSection(ProjectConfigurationPlatforms) = postSolution
		{FC2989AC-0E19-4848-99B0-093FCE688B00}.Debug|Any CPU.ActiveCfg = Debug|Any CPU
		{FC2989AC-0E19-4848-99B0-093FCE688B00}.Debug|Any CPU.Build.0 = Debug|Any CPU
		{FC2989AC-0E19-4848-99B0-093FCE688B00}.Debug|ARM.ActiveCfg = Debug|Any CPU
		{FC2989AC-0E19-4848-99B0-093FCE688B00}.Debug|ARM.Build.0 = Debug|Any CPU
		{FC2989AC-0E19-4848-99B0-093FCE688B00}.Debug|x64.ActiveCfg = Debug|Any CPU
		{FC2989AC-0E19-4848-99B0-093FCE688B00}.Debug|x64.Build.0 = Debug|Any CPU
		{FC2989AC-0E19-4848-99B0-093FCE688B00}.Debug|x86.ActiveCfg = Debug|Any CPU
		{FC2989AC-0E19-4848-99B0-093FCE688B00}.Debug|x86.Build.0 = Debug|Any CPU
		{FC2989AC-0E19-4848-99B0-093FCE688B00}.Release|Any CPU.ActiveCfg = Release|Any CPU
		{FC2989AC-0E19-4848-99B0-093FCE688B00}.Release|Any CPU.Build.0 = Release|Any CPU
		{FC2989AC-0E19-4848-99B0-093FCE688B00}.Release|ARM.ActiveCfg = Release|Any CPU
		{FC2989AC-0E19-4848-99B0-093FCE688B00}.Release|ARM.Build.0 = Release|Any CPU
		{FC2989AC-0E19-4848-99B0-093FCE688B00}.Release|x64.ActiveCfg = Release|Any CPU
		{FC2989AC-0E19-4848-99B0-093FCE688B00}.Release|x64.Build.0 = Release|Any CPU
		{FC2989AC-0E19-4848-99B0-093FCE688B00}.Release|x86.ActiveCfg = Release|Any CPU
		{FC2989AC-0E19-4848-99B0-093FCE688B00}.Release|x86.Build.0 = Release|Any CPU
		{F27B9D11-4949-4A39-B5B8-BFF28F2FC830}.Debug|Any CPU.ActiveCfg = Debug|Any CPU
		{F27B9D11-4949-4A39-B5B8-BFF28F2FC830}.Debug|Any CPU.Build.0 = Debug|Any CPU
		{F27B9D11-4949-4A39-B5B8-BFF28F2FC830}.Debug|ARM.ActiveCfg = Debug|Any CPU
		{F27B9D11-4949-4A39-B5B8-BFF28F2FC830}.Debug|ARM.Build.0 = Debug|Any CPU
		{F27B9D11-4949-4A39-B5B8-BFF28F2FC830}.Debug|x64.ActiveCfg = Debug|Any CPU
		{F27B9D11-4949-4A39-B5B8-BFF28F2FC830}.Debug|x64.Build.0 = Debug|Any CPU
		{F27B9D11-4949-4A39-B5B8-BFF28F2FC830}.Debug|x86.ActiveCfg = Debug|Any CPU
		{F27B9D11-4949-4A39-B5B8-BFF28F2FC830}.Debug|x86.Build.0 = Debug|Any CPU
		{F27B9D11-4949-4A39-B5B8-BFF28F2FC830}.Release|Any CPU.ActiveCfg = Release|Any CPU
		{F27B9D11-4949-4A39-B5B8-BFF28F2FC830}.Release|Any CPU.Build.0 = Release|Any CPU
		{F27B9D11-4949-4A39-B5B8-BFF28F2FC830}.Release|ARM.ActiveCfg = Release|Any CPU
		{F27B9D11-4949-4A39-B5B8-BFF28F2FC830}.Release|ARM.Build.0 = Release|Any CPU
		{F27B9D11-4949-4A39-B5B8-BFF28F2FC830}.Release|x64.ActiveCfg = Release|Any CPU
		{F27B9D11-4949-4A39-B5B8-BFF28F2FC830}.Release|x64.Build.0 = Release|Any CPU
		{F27B9D11-4949-4A39-B5B8-BFF28F2FC830}.Release|x86.ActiveCfg = Release|Any CPU
		{F27B9D11-4949-4A39-B5B8-BFF28F2FC830}.Release|x86.Build.0 = Release|Any CPU
		{0CC1E926-40AF-4FE8-8B1A-ABD75BC2ABD2}.Debug|Any CPU.ActiveCfg = Debug|Any CPU
		{0CC1E926-40AF-4FE8-8B1A-ABD75BC2ABD2}.Debug|Any CPU.Build.0 = Debug|Any CPU
		{0CC1E926-40AF-4FE8-8B1A-ABD75BC2ABD2}.Debug|ARM.ActiveCfg = Debug|Any CPU
		{0CC1E926-40AF-4FE8-8B1A-ABD75BC2ABD2}.Debug|ARM.Build.0 = Debug|Any CPU
		{0CC1E926-40AF-4FE8-8B1A-ABD75BC2ABD2}.Debug|x64.ActiveCfg = Debug|Any CPU
		{0CC1E926-40AF-4FE8-8B1A-ABD75BC2ABD2}.Debug|x64.Build.0 = Debug|Any CPU
		{0CC1E926-40AF-4FE8-8B1A-ABD75BC2ABD2}.Debug|x86.ActiveCfg = Debug|Any CPU
		{0CC1E926-40AF-4FE8-8B1A-ABD75BC2ABD2}.Debug|x86.Build.0 = Debug|Any CPU
		{0CC1E926-40AF-4FE8-8B1A-ABD75BC2ABD2}.Release|Any CPU.ActiveCfg = Release|Any CPU
		{0CC1E926-40AF-4FE8-8B1A-ABD75BC2ABD2}.Release|Any CPU.Build.0 = Release|Any CPU
		{0CC1E926-40AF-4FE8-8B1A-ABD75BC2ABD2}.Release|ARM.ActiveCfg = Release|Any CPU
		{0CC1E926-40AF-4FE8-8B1A-ABD75BC2ABD2}.Release|ARM.Build.0 = Release|Any CPU
		{0CC1E926-40AF-4FE8-8B1A-ABD75BC2ABD2}.Release|x64.ActiveCfg = Release|Any CPU
		{0CC1E926-40AF-4FE8-8B1A-ABD75BC2ABD2}.Release|x64.Build.0 = Release|Any CPU
		{0CC1E926-40AF-4FE8-8B1A-ABD75BC2ABD2}.Release|x86.ActiveCfg = Release|Any CPU
		{0CC1E926-40AF-4FE8-8B1A-ABD75BC2ABD2}.Release|x86.Build.0 = Release|Any CPU
		{14EE724B-EB2E-45CC-AA64-946886E4AFAB}.Debug|Any CPU.ActiveCfg = Debug|Any CPU
		{14EE724B-EB2E-45CC-AA64-946886E4AFAB}.Debug|Any CPU.Build.0 = Debug|Any CPU
		{14EE724B-EB2E-45CC-AA64-946886E4AFAB}.Debug|ARM.ActiveCfg = Debug|Any CPU
		{14EE724B-EB2E-45CC-AA64-946886E4AFAB}.Debug|ARM.Build.0 = Debug|Any CPU
		{14EE724B-EB2E-45CC-AA64-946886E4AFAB}.Debug|x64.ActiveCfg = Debug|Any CPU
		{14EE724B-EB2E-45CC-AA64-946886E4AFAB}.Debug|x64.Build.0 = Debug|Any CPU
		{14EE724B-EB2E-45CC-AA64-946886E4AFAB}.Debug|x86.ActiveCfg = Debug|Any CPU
		{14EE724B-EB2E-45CC-AA64-946886E4AFAB}.Debug|x86.Build.0 = Debug|Any CPU
		{14EE724B-EB2E-45CC-AA64-946886E4AFAB}.Release|Any CPU.ActiveCfg = Release|Any CPU
		{14EE724B-EB2E-45CC-AA64-946886E4AFAB}.Release|Any CPU.Build.0 = Release|Any CPU
		{14EE724B-EB2E-45CC-AA64-946886E4AFAB}.Release|ARM.ActiveCfg = Release|Any CPU
		{14EE724B-EB2E-45CC-AA64-946886E4AFAB}.Release|ARM.Build.0 = Release|Any CPU
		{14EE724B-EB2E-45CC-AA64-946886E4AFAB}.Release|x64.ActiveCfg = Release|Any CPU
		{14EE724B-EB2E-45CC-AA64-946886E4AFAB}.Release|x64.Build.0 = Release|Any CPU
		{14EE724B-EB2E-45CC-AA64-946886E4AFAB}.Release|x86.ActiveCfg = Release|Any CPU
		{14EE724B-EB2E-45CC-AA64-946886E4AFAB}.Release|x86.Build.0 = Release|Any CPU
		{9AB5A311-F6E0-4118-87EE-C227341D114F}.Debug|Any CPU.ActiveCfg = Debug|Any CPU
		{9AB5A311-F6E0-4118-87EE-C227341D114F}.Debug|Any CPU.Build.0 = Debug|Any CPU
		{9AB5A311-F6E0-4118-87EE-C227341D114F}.Debug|ARM.ActiveCfg = Debug|ARM
		{9AB5A311-F6E0-4118-87EE-C227341D114F}.Debug|ARM.Build.0 = Debug|ARM
		{9AB5A311-F6E0-4118-87EE-C227341D114F}.Debug|x64.ActiveCfg = Debug|x64
		{9AB5A311-F6E0-4118-87EE-C227341D114F}.Debug|x64.Build.0 = Debug|x64
		{9AB5A311-F6E0-4118-87EE-C227341D114F}.Debug|x86.ActiveCfg = Debug|x86
		{9AB5A311-F6E0-4118-87EE-C227341D114F}.Debug|x86.Build.0 = Debug|x86
		{9AB5A311-F6E0-4118-87EE-C227341D114F}.Release|Any CPU.ActiveCfg = Release|Any CPU
		{9AB5A311-F6E0-4118-87EE-C227341D114F}.Release|Any CPU.Build.0 = Release|Any CPU
		{9AB5A311-F6E0-4118-87EE-C227341D114F}.Release|ARM.ActiveCfg = Release|ARM
		{9AB5A311-F6E0-4118-87EE-C227341D114F}.Release|ARM.Build.0 = Release|ARM
		{9AB5A311-F6E0-4118-87EE-C227341D114F}.Release|x64.ActiveCfg = Release|x64
		{9AB5A311-F6E0-4118-87EE-C227341D114F}.Release|x64.Build.0 = Release|x64
		{9AB5A311-F6E0-4118-87EE-C227341D114F}.Release|x86.ActiveCfg = Release|x86
		{9AB5A311-F6E0-4118-87EE-C227341D114F}.Release|x86.Build.0 = Release|x86
		{5524A842-2385-4ED4-84EA-756F992644B7}.Debug|Any CPU.ActiveCfg = Debug|x86
		{5524A842-2385-4ED4-84EA-756F992644B7}.Debug|ARM.ActiveCfg = Debug|ARM
		{5524A842-2385-4ED4-84EA-756F992644B7}.Debug|ARM.Build.0 = Debug|ARM
		{5524A842-2385-4ED4-84EA-756F992644B7}.Debug|ARM.Deploy.0 = Debug|ARM
		{5524A842-2385-4ED4-84EA-756F992644B7}.Debug|x64.ActiveCfg = Debug|x64
		{5524A842-2385-4ED4-84EA-756F992644B7}.Debug|x64.Build.0 = Debug|x64
		{5524A842-2385-4ED4-84EA-756F992644B7}.Debug|x64.Deploy.0 = Debug|x64
		{5524A842-2385-4ED4-84EA-756F992644B7}.Debug|x86.ActiveCfg = Debug|x86
		{5524A842-2385-4ED4-84EA-756F992644B7}.Debug|x86.Build.0 = Debug|x86
		{5524A842-2385-4ED4-84EA-756F992644B7}.Debug|x86.Deploy.0 = Debug|x86
		{5524A842-2385-4ED4-84EA-756F992644B7}.Release|Any CPU.ActiveCfg = Release|x86
		{5524A842-2385-4ED4-84EA-756F992644B7}.Release|ARM.ActiveCfg = Release|ARM
		{5524A842-2385-4ED4-84EA-756F992644B7}.Release|ARM.Build.0 = Release|ARM
		{5524A842-2385-4ED4-84EA-756F992644B7}.Release|ARM.Deploy.0 = Release|ARM
		{5524A842-2385-4ED4-84EA-756F992644B7}.Release|x64.ActiveCfg = Release|x64
		{5524A842-2385-4ED4-84EA-756F992644B7}.Release|x64.Build.0 = Release|x64
		{5524A842-2385-4ED4-84EA-756F992644B7}.Release|x64.Deploy.0 = Release|x64
		{5524A842-2385-4ED4-84EA-756F992644B7}.Release|x86.ActiveCfg = Release|x86
		{5524A842-2385-4ED4-84EA-756F992644B7}.Release|x86.Build.0 = Release|x86
		{5524A842-2385-4ED4-84EA-756F992644B7}.Release|x86.Deploy.0 = Release|x86
		{BB82A9EF-1D8B-43EA-B28C-5B4FB740ACDD}.Debug|Any CPU.ActiveCfg = Debug|Any CPU
		{BB82A9EF-1D8B-43EA-B28C-5B4FB740ACDD}.Debug|Any CPU.Build.0 = Debug|Any CPU
		{BB82A9EF-1D8B-43EA-B28C-5B4FB740ACDD}.Debug|ARM.ActiveCfg = Debug|Any CPU
		{BB82A9EF-1D8B-43EA-B28C-5B4FB740ACDD}.Debug|ARM.Build.0 = Debug|Any CPU
		{BB82A9EF-1D8B-43EA-B28C-5B4FB740ACDD}.Debug|x64.ActiveCfg = Debug|Any CPU
		{BB82A9EF-1D8B-43EA-B28C-5B4FB740ACDD}.Debug|x64.Build.0 = Debug|Any CPU
		{BB82A9EF-1D8B-43EA-B28C-5B4FB740ACDD}.Debug|x86.ActiveCfg = Debug|Any CPU
		{BB82A9EF-1D8B-43EA-B28C-5B4FB740ACDD}.Debug|x86.Build.0 = Debug|Any CPU
		{BB82A9EF-1D8B-43EA-B28C-5B4FB740ACDD}.Release|Any CPU.ActiveCfg = Release|Any CPU
		{BB82A9EF-1D8B-43EA-B28C-5B4FB740ACDD}.Release|Any CPU.Build.0 = Release|Any CPU
		{BB82A9EF-1D8B-43EA-B28C-5B4FB740ACDD}.Release|ARM.ActiveCfg = Release|Any CPU
		{BB82A9EF-1D8B-43EA-B28C-5B4FB740ACDD}.Release|ARM.Build.0 = Release|Any CPU
		{BB82A9EF-1D8B-43EA-B28C-5B4FB740ACDD}.Release|x64.ActiveCfg = Release|Any CPU
		{BB82A9EF-1D8B-43EA-B28C-5B4FB740ACDD}.Release|x64.Build.0 = Release|Any CPU
		{BB82A9EF-1D8B-43EA-B28C-5B4FB740ACDD}.Release|x86.ActiveCfg = Release|Any CPU
		{BB82A9EF-1D8B-43EA-B28C-5B4FB740ACDD}.Release|x86.Build.0 = Release|Any CPU
		{40EE76C7-C453-436D-969E-2552433DE3A9}.Debug|Any CPU.ActiveCfg = Debug|Any CPU
		{40EE76C7-C453-436D-969E-2552433DE3A9}.Debug|Any CPU.Build.0 = Debug|Any CPU
		{40EE76C7-C453-436D-969E-2552433DE3A9}.Debug|ARM.ActiveCfg = Debug|Any CPU
		{40EE76C7-C453-436D-969E-2552433DE3A9}.Debug|ARM.Build.0 = Debug|Any CPU
		{40EE76C7-C453-436D-969E-2552433DE3A9}.Debug|x64.ActiveCfg = Debug|Any CPU
		{40EE76C7-C453-436D-969E-2552433DE3A9}.Debug|x64.Build.0 = Debug|Any CPU
		{40EE76C7-C453-436D-969E-2552433DE3A9}.Debug|x86.ActiveCfg = Debug|Any CPU
		{40EE76C7-C453-436D-969E-2552433DE3A9}.Debug|x86.Build.0 = Debug|Any CPU
		{40EE76C7-C453-436D-969E-2552433DE3A9}.Release|Any CPU.ActiveCfg = Release|Any CPU
		{40EE76C7-C453-436D-969E-2552433DE3A9}.Release|Any CPU.Build.0 = Release|Any CPU
		{40EE76C7-C453-436D-969E-2552433DE3A9}.Release|ARM.ActiveCfg = Release|Any CPU
		{40EE76C7-C453-436D-969E-2552433DE3A9}.Release|ARM.Build.0 = Release|Any CPU
		{40EE76C7-C453-436D-969E-2552433DE3A9}.Release|x64.ActiveCfg = Release|Any CPU
		{40EE76C7-C453-436D-969E-2552433DE3A9}.Release|x64.Build.0 = Release|Any CPU
		{40EE76C7-C453-436D-969E-2552433DE3A9}.Release|x86.ActiveCfg = Release|Any CPU
		{40EE76C7-C453-436D-969E-2552433DE3A9}.Release|x86.Build.0 = Release|Any CPU
		{D7AD4160-41DB-4F2D-8EEF-04402F8E1BAB}.Debug|Any CPU.ActiveCfg = Debug|Any CPU
		{D7AD4160-41DB-4F2D-8EEF-04402F8E1BAB}.Debug|Any CPU.Build.0 = Debug|Any CPU
		{D7AD4160-41DB-4F2D-8EEF-04402F8E1BAB}.Debug|ARM.ActiveCfg = Debug|Any CPU
		{D7AD4160-41DB-4F2D-8EEF-04402F8E1BAB}.Debug|ARM.Build.0 = Debug|Any CPU
		{D7AD4160-41DB-4F2D-8EEF-04402F8E1BAB}.Debug|x64.ActiveCfg = Debug|Any CPU
		{D7AD4160-41DB-4F2D-8EEF-04402F8E1BAB}.Debug|x64.Build.0 = Debug|Any CPU
		{D7AD4160-41DB-4F2D-8EEF-04402F8E1BAB}.Debug|x86.ActiveCfg = Debug|Any CPU
		{D7AD4160-41DB-4F2D-8EEF-04402F8E1BAB}.Debug|x86.Build.0 = Debug|Any CPU
		{D7AD4160-41DB-4F2D-8EEF-04402F8E1BAB}.Release|Any CPU.ActiveCfg = Release|Any CPU
		{D7AD4160-41DB-4F2D-8EEF-04402F8E1BAB}.Release|Any CPU.Build.0 = Release|Any CPU
		{D7AD4160-41DB-4F2D-8EEF-04402F8E1BAB}.Release|ARM.ActiveCfg = Release|Any CPU
		{D7AD4160-41DB-4F2D-8EEF-04402F8E1BAB}.Release|ARM.Build.0 = Release|Any CPU
		{D7AD4160-41DB-4F2D-8EEF-04402F8E1BAB}.Release|x64.ActiveCfg = Release|Any CPU
		{D7AD4160-41DB-4F2D-8EEF-04402F8E1BAB}.Release|x64.Build.0 = Release|Any CPU
		{D7AD4160-41DB-4F2D-8EEF-04402F8E1BAB}.Release|x86.ActiveCfg = Release|Any CPU
		{D7AD4160-41DB-4F2D-8EEF-04402F8E1BAB}.Release|x86.Build.0 = Release|Any CPU
		{86F47BBC-9451-4114-96BE-204BFEE4EEF9}.Debug|Any CPU.ActiveCfg = Debug|Any CPU
		{86F47BBC-9451-4114-96BE-204BFEE4EEF9}.Debug|Any CPU.Build.0 = Debug|Any CPU
		{86F47BBC-9451-4114-96BE-204BFEE4EEF9}.Debug|ARM.ActiveCfg = Debug|Any CPU
		{86F47BBC-9451-4114-96BE-204BFEE4EEF9}.Debug|ARM.Build.0 = Debug|Any CPU
		{86F47BBC-9451-4114-96BE-204BFEE4EEF9}.Debug|x64.ActiveCfg = Debug|Any CPU
		{86F47BBC-9451-4114-96BE-204BFEE4EEF9}.Debug|x64.Build.0 = Debug|Any CPU
		{86F47BBC-9451-4114-96BE-204BFEE4EEF9}.Debug|x86.ActiveCfg = Debug|Any CPU
		{86F47BBC-9451-4114-96BE-204BFEE4EEF9}.Debug|x86.Build.0 = Debug|Any CPU
		{86F47BBC-9451-4114-96BE-204BFEE4EEF9}.Release|Any CPU.ActiveCfg = Release|Any CPU
		{86F47BBC-9451-4114-96BE-204BFEE4EEF9}.Release|Any CPU.Build.0 = Release|Any CPU
		{86F47BBC-9451-4114-96BE-204BFEE4EEF9}.Release|ARM.ActiveCfg = Release|Any CPU
		{86F47BBC-9451-4114-96BE-204BFEE4EEF9}.Release|ARM.Build.0 = Release|Any CPU
		{86F47BBC-9451-4114-96BE-204BFEE4EEF9}.Release|x64.ActiveCfg = Release|Any CPU
		{86F47BBC-9451-4114-96BE-204BFEE4EEF9}.Release|x64.Build.0 = Release|Any CPU
		{86F47BBC-9451-4114-96BE-204BFEE4EEF9}.Release|x86.ActiveCfg = Release|Any CPU
		{86F47BBC-9451-4114-96BE-204BFEE4EEF9}.Release|x86.Build.0 = Release|Any CPU
		{67C5F10C-4792-413A-81B9-FD4F7360DB8A}.Debug|Any CPU.ActiveCfg = Debug|Any CPU
		{67C5F10C-4792-413A-81B9-FD4F7360DB8A}.Debug|Any CPU.Build.0 = Debug|Any CPU
		{67C5F10C-4792-413A-81B9-FD4F7360DB8A}.Debug|ARM.ActiveCfg = Debug|Any CPU
		{67C5F10C-4792-413A-81B9-FD4F7360DB8A}.Debug|ARM.Build.0 = Debug|Any CPU
		{67C5F10C-4792-413A-81B9-FD4F7360DB8A}.Debug|x64.ActiveCfg = Debug|Any CPU
		{67C5F10C-4792-413A-81B9-FD4F7360DB8A}.Debug|x64.Build.0 = Debug|Any CPU
		{67C5F10C-4792-413A-81B9-FD4F7360DB8A}.Debug|x86.ActiveCfg = Debug|Any CPU
		{67C5F10C-4792-413A-81B9-FD4F7360DB8A}.Debug|x86.Build.0 = Debug|Any CPU
		{67C5F10C-4792-413A-81B9-FD4F7360DB8A}.Release|Any CPU.ActiveCfg = Release|Any CPU
		{67C5F10C-4792-413A-81B9-FD4F7360DB8A}.Release|Any CPU.Build.0 = Release|Any CPU
		{67C5F10C-4792-413A-81B9-FD4F7360DB8A}.Release|ARM.ActiveCfg = Release|Any CPU
		{67C5F10C-4792-413A-81B9-FD4F7360DB8A}.Release|ARM.Build.0 = Release|Any CPU
		{67C5F10C-4792-413A-81B9-FD4F7360DB8A}.Release|x64.ActiveCfg = Release|Any CPU
		{67C5F10C-4792-413A-81B9-FD4F7360DB8A}.Release|x64.Build.0 = Release|Any CPU
		{67C5F10C-4792-413A-81B9-FD4F7360DB8A}.Release|x86.ActiveCfg = Release|Any CPU
		{67C5F10C-4792-413A-81B9-FD4F7360DB8A}.Release|x86.Build.0 = Release|Any CPU
	EndGlobalSection
	GlobalSection(SolutionProperties) = preSolution
		HideSolutionNode = FALSE
	EndGlobalSection
	GlobalSection(NestedProjects) = preSolution
		{5CE38FDB-9696-4E53-9748-D568E91C7DB9} = {E3BA4669-81BE-414A-8F4F-596C66A266BB}
		{F27B9D11-4949-4A39-B5B8-BFF28F2FC830} = {804B261E-7B94-4F0A-BA04-20AFF0D694F7}
		{0CC1E926-40AF-4FE8-8B1A-ABD75BC2ABD2} = {804B261E-7B94-4F0A-BA04-20AFF0D694F7}
		{14EE724B-EB2E-45CC-AA64-946886E4AFAB} = {D8B87555-DD43-46B0-B7D0-6A115F3A0F25}
		{9AB5A311-F6E0-4118-87EE-C227341D114F} = {D8B87555-DD43-46B0-B7D0-6A115F3A0F25}
		{5524A842-2385-4ED4-84EA-756F992644B7} = {7F0E9CD6-4D9D-4EC5-A3E5-6823C3A12411}
		{BB82A9EF-1D8B-43EA-B28C-5B4FB740ACDD} = {7F0E9CD6-4D9D-4EC5-A3E5-6823C3A12411}
		{40EE76C7-C453-436D-969E-2552433DE3A9} = {BBF5669C-DD9E-48BA-854E-C101C528085A}
		{D7AD4160-41DB-4F2D-8EEF-04402F8E1BAB} = {804B261E-7B94-4F0A-BA04-20AFF0D694F7}
		{86F47BBC-9451-4114-96BE-204BFEE4EEF9} = {BBF5669C-DD9E-48BA-854E-C101C528085A}
	EndGlobalSection
	GlobalSection(ExtensibilityGlobals) = postSolution
		SolutionGuid = {26DE9889-013C-46F0-8CAA-F5F795129322}
	EndGlobalSection
EndGlobal
