
Microsoft Visual Studio Solution File, Format Version 12.00
# Visual Studio 15
VisualStudioVersion = 15.0.27130.2027
MinimumVisualStudioVersion = 10.0.40219.1
Project("{9A19103F-16F7-4668-BE54-9A1E7A4F7556}") = "CGM.Communication", "CGM.Communication\CGM.Communication.csproj", "{FC2989AC-0E19-4848-99B0-093FCE688B00}"
EndProject
Project("{9A19103F-16F7-4668-BE54-9A1E7A4F7556}") = "CGM.Data.Sqlite", "CGM.Data.Sqlite\CGM.Data.Sqlite.csproj", "{181AECFE-B7E4-41C0-9803-960F271E5924}"
EndProject
Project("{9A19103F-16F7-4668-BE54-9A1E7A4F7556}") = "CGM.Data.Nightscout", "CGM.Data.Nightscout\CGM.Data.Nightscout.csproj", "{2E11FF9A-B9DF-4FF2-BAB4-07C785893E14}"
EndProject
Project("{2150E333-8FDC-42A3-9474-1A3956D46DE8}") = "Data", "Data", "{804B261E-7B94-4F0A-BA04-20AFF0D694F7}"
EndProject
Project("{9A19103F-16F7-4668-BE54-9A1E7A4F7556}") = "CGM", "CGM\CGM.csproj", "{9FCF3209-9E58-46B0-9DDE-A89D01E4D1F2}"
EndProject
Project("{9A19103F-16F7-4668-BE54-9A1E7A4F7556}") = "CGM.Data.Mongo", "CGM.Data.Mongo\CGM.Data.Mongo.csproj", "{9FE5DBEE-D120-46BB-8546-CD4D68D59BB7}"
EndProject
Global
	GlobalSection(SolutionConfigurationPlatforms) = preSolution
		Debug|Any CPU = Debug|Any CPU
		Debug|ARM = Debug|ARM
		Debug|x64 = Debug|x64
		Debug|x86 = Debug|x86
		Release|Any CPU = Release|Any CPU
		Release|ARM = Release|ARM
		Release|x64 = Release|x64
		Release|x86 = Release|x86
	EndGlobalSection
	GlobalSection(ProjectConfigurationPlatforms) = postSolution
		{FC2989AC-0E19-4848-99B0-093FCE688B00}.Debug|Any CPU.ActiveCfg = Debug|Any CPU
		{FC2989AC-0E19-4848-99B0-093FCE688B00}.Debug|Any CPU.Build.0 = Debug|Any CPU
		{FC2989AC-0E19-4848-99B0-093FCE688B00}.Debug|ARM.ActiveCfg = Debug|Any CPU
		{FC2989AC-0E19-4848-99B0-093FCE688B00}.Debug|ARM.Build.0 = Debug|Any CPU
		{FC2989AC-0E19-4848-99B0-093FCE688B00}.Debug|x64.ActiveCfg = Debug|Any CPU
		{FC2989AC-0E19-4848-99B0-093FCE688B00}.Debug|x64.Build.0 = Debug|Any CPU
		{FC2989AC-0E19-4848-99B0-093FCE688B00}.Debug|x86.ActiveCfg = Debug|Any CPU
		{FC2989AC-0E19-4848-99B0-093FCE688B00}.Debug|x86.Build.0 = Debug|Any CPU
		{FC2989AC-0E19-4848-99B0-093FCE688B00}.Release|Any CPU.ActiveCfg = Release|Any CPU
		{FC2989AC-0E19-4848-99B0-093FCE688B00}.Release|Any CPU.Build.0 = Release|Any CPU
		{FC2989AC-0E19-4848-99B0-093FCE688B00}.Release|ARM.ActiveCfg = Release|Any CPU
		{FC2989AC-0E19-4848-99B0-093FCE688B00}.Release|ARM.Build.0 = Release|Any CPU
		{FC2989AC-0E19-4848-99B0-093FCE688B00}.Release|x64.ActiveCfg = Release|Any CPU
		{FC2989AC-0E19-4848-99B0-093FCE688B00}.Release|x64.Build.0 = Release|Any CPU
		{FC2989AC-0E19-4848-99B0-093FCE688B00}.Release|x86.ActiveCfg = Release|Any CPU
		{FC2989AC-0E19-4848-99B0-093FCE688B00}.Release|x86.Build.0 = Release|Any CPU
		{181AECFE-B7E4-41C0-9803-960F271E5924}.Debug|Any CPU.ActiveCfg = Debug|Any CPU
		{181AECFE-B7E4-41C0-9803-960F271E5924}.Debug|Any CPU.Build.0 = Debug|Any CPU
		{181AECFE-B7E4-41C0-9803-960F271E5924}.Debug|ARM.ActiveCfg = Debug|Any CPU
		{181AECFE-B7E4-41C0-9803-960F271E5924}.Debug|ARM.Build.0 = Debug|Any CPU
		{181AECFE-B7E4-41C0-9803-960F271E5924}.Debug|x64.ActiveCfg = Debug|Any CPU
		{181AECFE-B7E4-41C0-9803-960F271E5924}.Debug|x64.Build.0 = Debug|Any CPU
		{181AECFE-B7E4-41C0-9803-960F271E5924}.Debug|x86.ActiveCfg = Debug|Any CPU
		{181AECFE-B7E4-41C0-9803-960F271E5924}.Debug|x86.Build.0 = Debug|Any CPU
		{181AECFE-B7E4-41C0-9803-960F271E5924}.Release|Any CPU.ActiveCfg = Release|Any CPU
		{181AECFE-B7E4-41C0-9803-960F271E5924}.Release|Any CPU.Build.0 = Release|Any CPU
		{181AECFE-B7E4-41C0-9803-960F271E5924}.Release|ARM.ActiveCfg = Release|Any CPU
		{181AECFE-B7E4-41C0-9803-960F271E5924}.Release|ARM.Build.0 = Release|Any CPU
		{181AECFE-B7E4-41C0-9803-960F271E5924}.Release|x64.ActiveCfg = Release|Any CPU
		{181AECFE-B7E4-41C0-9803-960F271E5924}.Release|x64.Build.0 = Release|Any CPU
		{181AECFE-B7E4-41C0-9803-960F271E5924}.Release|x86.ActiveCfg = Release|Any CPU
		{181AECFE-B7E4-41C0-9803-960F271E5924}.Release|x86.Build.0 = Release|Any CPU
		{2E11FF9A-B9DF-4FF2-BAB4-07C785893E14}.Debug|Any CPU.ActiveCfg = Debug|Any CPU
		{2E11FF9A-B9DF-4FF2-BAB4-07C785893E14}.Debug|Any CPU.Build.0 = Debug|Any CPU
		{2E11FF9A-B9DF-4FF2-BAB4-07C785893E14}.Debug|ARM.ActiveCfg = Debug|Any CPU
		{2E11FF9A-B9DF-4FF2-BAB4-07C785893E14}.Debug|ARM.Build.0 = Debug|Any CPU
		{2E11FF9A-B9DF-4FF2-BAB4-07C785893E14}.Debug|x64.ActiveCfg = Debug|Any CPU
		{2E11FF9A-B9DF-4FF2-BAB4-07C785893E14}.Debug|x64.Build.0 = Debug|Any CPU
		{2E11FF9A-B9DF-4FF2-BAB4-07C785893E14}.Debug|x86.ActiveCfg = Debug|Any CPU
		{2E11FF9A-B9DF-4FF2-BAB4-07C785893E14}.Debug|x86.Build.0 = Debug|Any CPU
		{2E11FF9A-B9DF-4FF2-BAB4-07C785893E14}.Release|Any CPU.ActiveCfg = Release|Any CPU
		{2E11FF9A-B9DF-4FF2-BAB4-07C785893E14}.Release|Any CPU.Build.0 = Release|Any CPU
		{2E11FF9A-B9DF-4FF2-BAB4-07C785893E14}.Release|ARM.ActiveCfg = Release|Any CPU
		{2E11FF9A-B9DF-4FF2-BAB4-07C785893E14}.Release|ARM.Build.0 = Release|Any CPU
		{2E11FF9A-B9DF-4FF2-BAB4-07C785893E14}.Release|x64.ActiveCfg = Release|Any CPU
		{2E11FF9A-B9DF-4FF2-BAB4-07C785893E14}.Release|x64.Build.0 = Release|Any CPU
		{2E11FF9A-B9DF-4FF2-BAB4-07C785893E14}.Release|x86.ActiveCfg = Release|Any CPU
		{2E11FF9A-B9DF-4FF2-BAB4-07C785893E14}.Release|x86.Build.0 = Release|Any CPU
		{9FCF3209-9E58-46B0-9DDE-A89D01E4D1F2}.Debug|Any CPU.ActiveCfg = Debug|Any CPU
		{9FCF3209-9E58-46B0-9DDE-A89D01E4D1F2}.Debug|Any CPU.Build.0 = Debug|Any CPU
		{9FCF3209-9E58-46B0-9DDE-A89D01E4D1F2}.Debug|ARM.ActiveCfg = Debug|Any CPU
		{9FCF3209-9E58-46B0-9DDE-A89D01E4D1F2}.Debug|ARM.Build.0 = Debug|Any CPU
		{9FCF3209-9E58-46B0-9DDE-A89D01E4D1F2}.Debug|x64.ActiveCfg = Debug|Any CPU
		{9FCF3209-9E58-46B0-9DDE-A89D01E4D1F2}.Debug|x64.Build.0 = Debug|Any CPU
		{9FCF3209-9E58-46B0-9DDE-A89D01E4D1F2}.Debug|x86.ActiveCfg = Debug|Any CPU
		{9FCF3209-9E58-46B0-9DDE-A89D01E4D1F2}.Debug|x86.Build.0 = Debug|Any CPU
		{9FCF3209-9E58-46B0-9DDE-A89D01E4D1F2}.Release|Any CPU.ActiveCfg = Release|Any CPU
		{9FCF3209-9E58-46B0-9DDE-A89D01E4D1F2}.Release|Any CPU.Build.0 = Release|Any CPU
		{9FCF3209-9E58-46B0-9DDE-A89D01E4D1F2}.Release|ARM.ActiveCfg = Release|Any CPU
		{9FCF3209-9E58-46B0-9DDE-A89D01E4D1F2}.Release|ARM.Build.0 = Release|Any CPU
		{9FCF3209-9E58-46B0-9DDE-A89D01E4D1F2}.Release|x64.ActiveCfg = Release|Any CPU
		{9FCF3209-9E58-46B0-9DDE-A89D01E4D1F2}.Release|x64.Build.0 = Release|Any CPU
		{9FCF3209-9E58-46B0-9DDE-A89D01E4D1F2}.Release|x86.ActiveCfg = Release|Any CPU
		{9FCF3209-9E58-46B0-9DDE-A89D01E4D1F2}.Release|x86.Build.0 = Release|Any CPU
		{9FE5DBEE-D120-46BB-8546-CD4D68D59BB7}.Debug|Any CPU.ActiveCfg = Debug|Any CPU
		{9FE5DBEE-D120-46BB-8546-CD4D68D59BB7}.Debug|Any CPU.Build.0 = Debug|Any CPU
		{9FE5DBEE-D120-46BB-8546-CD4D68D59BB7}.Debug|ARM.ActiveCfg = Debug|Any CPU
		{9FE5DBEE-D120-46BB-8546-CD4D68D59BB7}.Debug|ARM.Build.0 = Debug|Any CPU
		{9FE5DBEE-D120-46BB-8546-CD4D68D59BB7}.Debug|x64.ActiveCfg = Debug|Any CPU
		{9FE5DBEE-D120-46BB-8546-CD4D68D59BB7}.Debug|x64.Build.0 = Debug|Any CPU
		{9FE5DBEE-D120-46BB-8546-CD4D68D59BB7}.Debug|x86.ActiveCfg = Debug|Any CPU
		{9FE5DBEE-D120-46BB-8546-CD4D68D59BB7}.Debug|x86.Build.0 = Debug|Any CPU
		{9FE5DBEE-D120-46BB-8546-CD4D68D59BB7}.Release|Any CPU.ActiveCfg = Release|Any CPU
		{9FE5DBEE-D120-46BB-8546-CD4D68D59BB7}.Release|Any CPU.Build.0 = Release|Any CPU
		{9FE5DBEE-D120-46BB-8546-CD4D68D59BB7}.Release|ARM.ActiveCfg = Release|Any CPU
		{9FE5DBEE-D120-46BB-8546-CD4D68D59BB7}.Release|ARM.Build.0 = Release|Any CPU
		{9FE5DBEE-D120-46BB-8546-CD4D68D59BB7}.Release|x64.ActiveCfg = Release|Any CPU
		{9FE5DBEE-D120-46BB-8546-CD4D68D59BB7}.Release|x64.Build.0 = Release|Any CPU
		{9FE5DBEE-D120-46BB-8546-CD4D68D59BB7}.Release|x86.ActiveCfg = Release|Any CPU
		{9FE5DBEE-D120-46BB-8546-CD4D68D59BB7}.Release|x86.Build.0 = Release|Any CPU
	EndGlobalSection
	GlobalSection(SolutionProperties) = preSolution
		HideSolutionNode = FALSE
	EndGlobalSection
	GlobalSection(NestedProjects) = preSolution
		{181AECFE-B7E4-41C0-9803-960F271E5924} = {804B261E-7B94-4F0A-BA04-20AFF0D694F7}
		{2E11FF9A-B9DF-4FF2-BAB4-07C785893E14} = {804B261E-7B94-4F0A-BA04-20AFF0D694F7}
		{9FE5DBEE-D120-46BB-8546-CD4D68D59BB7} = {804B261E-7B94-4F0A-BA04-20AFF0D694F7}
	EndGlobalSection
	GlobalSection(ExtensibilityGlobals) = postSolution
		SolutionGuid = {26DE9889-013C-46F0-8CAA-F5F795129322}
	EndGlobalSection
EndGlobal
